// !$*UTF8*$!
{
	archiveVersion = 1;
	classes = {
	};
	objectVersion = 50;
	objects = {

/* Begin PBXBuildFile section */
		7B6D870B2449D9F700446706 /* AppDelegate.swift in Sources */ = {isa = PBXBuildFile; fileRef = 7B6D870A2449D9F700446706 /* AppDelegate.swift */; };
		7B6D870D2449D9F700446706 /* SceneDelegate.swift in Sources */ = {isa = PBXBuildFile; fileRef = 7B6D870C2449D9F700446706 /* SceneDelegate.swift */; };
		7B6D870F2449D9F700446706 /* LoginViewController.swift in Sources */ = {isa = PBXBuildFile; fileRef = 7B6D870E2449D9F700446706 /* LoginViewController.swift */; };
		7B6D87122449D9F700446706 /* LoginAndSignUpViewControllers.storyboard in Resources */ = {isa = PBXBuildFile; fileRef = 7B6D87102449D9F700446706 /* LoginAndSignUpViewControllers.storyboard */; };
		7B6D87142449D9F800446706 /* Assets.xcassets in Resources */ = {isa = PBXBuildFile; fileRef = 7B6D87132449D9F800446706 /* Assets.xcassets */; };
		7B6D87172449D9F800446706 /* LaunchScreen.storyboard in Resources */ = {isa = PBXBuildFile; fileRef = 7B6D87152449D9F800446706 /* LaunchScreen.storyboard */; };
		7B6D8723244A12AF00446706 /* SignUpViewController.swift in Sources */ = {isa = PBXBuildFile; fileRef = 7B6D8722244A12AF00446706 /* SignUpViewController.swift */; };
		7B6D8727244A168B00446706 /* MainTabViewController.storyboard in Resources */ = {isa = PBXBuildFile; fileRef = 7B6D8726244A168B00446706 /* MainTabViewController.storyboard */; };
/* End PBXBuildFile section */

/* Begin PBXFileReference section */
		7B6D87072449D9F700446706 /* CustomAppByMe.app */ = {isa = PBXFileReference; explicitFileType = wrapper.application; includeInIndex = 0; path = CustomAppByMe.app; sourceTree = BUILT_PRODUCTS_DIR; };
		7B6D870A2449D9F700446706 /* AppDelegate.swift */ = {isa = PBXFileReference; lastKnownFileType = sourcecode.swift; path = AppDelegate.swift; sourceTree = "<group>"; };
		7B6D870C2449D9F700446706 /* SceneDelegate.swift */ = {isa = PBXFileReference; lastKnownFileType = sourcecode.swift; path = SceneDelegate.swift; sourceTree = "<group>"; };
		7B6D870E2449D9F700446706 /* LoginViewController.swift */ = {isa = PBXFileReference; lastKnownFileType = sourcecode.swift; path = LoginViewController.swift; sourceTree = "<group>"; };
		7B6D87112449D9F700446706 /* Base */ = {isa = PBXFileReference; lastKnownFileType = file.storyboard; name = Base; path = Base.lproj/LoginAndSignUpViewControllers.storyboard; sourceTree = "<group>"; };
		7B6D87132449D9F800446706 /* Assets.xcassets */ = {isa = PBXFileReference; lastKnownFileType = folder.assetcatalog; path = Assets.xcassets; sourceTree = "<group>"; };
		7B6D87162449D9F800446706 /* Base */ = {isa = PBXFileReference; lastKnownFileType = file.storyboard; name = Base; path = Base.lproj/LaunchScreen.storyboard; sourceTree = "<group>"; };
		7B6D87182449D9F800446706 /* Info.plist */ = {isa = PBXFileReference; lastKnownFileType = text.plist.xml; path = Info.plist; sourceTree = "<group>"; };
		7B6D8722244A12AF00446706 /* SignUpViewController.swift */ = {isa = PBXFileReference; lastKnownFileType = sourcecode.swift; path = SignUpViewController.swift; sourceTree = "<group>"; };
		7B6D8726244A168B00446706 /* MainTabViewController.storyboard */ = {isa = PBXFileReference; lastKnownFileType = file.storyboard; path = MainTabViewController.storyboard; sourceTree = "<group>"; };
/* End PBXFileReference section */

/* Begin PBXFrameworksBuildPhase section */
		7B6D87042449D9F700446706 /* Frameworks */ = {
			isa = PBXFrameworksBuildPhase;
			buildActionMask = 2147483647;
			files = (
			);
			runOnlyForDeploymentPostprocessing = 0;
		};
/* End PBXFrameworksBuildPhase section */

/* Begin PBXGroup section */
		7B6D86FE2449D9F700446706 = {
			isa = PBXGroup;
			children = (
				7B6D87092449D9F700446706 /* CustomAppByMe */,
				7B6D87082449D9F700446706 /* Products */,
			);
			sourceTree = "<group>";
		};
		7B6D87082449D9F700446706 /* Products */ = {
			isa = PBXGroup;
			children = (
				7B6D87072449D9F700446706 /* CustomAppByMe.app */,
			);
			name = Products;
			sourceTree = "<group>";
		};
		7B6D87092449D9F700446706 /* CustomAppByMe */ = {
			isa = PBXGroup;
			children = (
				7B6D870A2449D9F700446706 /* AppDelegate.swift */,
				7B6D87132449D9F800446706 /* Assets.xcassets */,
				7B6D87182449D9F800446706 /* Info.plist */,
				7B6D87152449D9F800446706 /* LaunchScreen.storyboard */,
				7B6D870C2449D9F700446706 /* SceneDelegate.swift */,
				7B6D871E244A122100446706 /* Scenes */,
			);
			path = CustomAppByMe;
			sourceTree = "<group>";
		};
		7B6D871E244A122100446706 /* Scenes */ = {
			isa = PBXGroup;
			children = (
				7B6D8724244A163D00446706 /* MainTabViewController */,
				7B6D871F244A122A00446706 /* LoginAndSignUpViewControllers */,
			);
			path = Scenes;
			sourceTree = "<group>";
		};
		7B6D871F244A122A00446706 /* LoginAndSignUpViewControllers */ = {
			isa = PBXGroup;
			children = (
				7B6D8721244A125800446706 /* Controllers */,
				7B6D8720244A124900446706 /* View */,
			);
			path = LoginAndSignUpViewControllers;
			sourceTree = "<group>";
		};
		7B6D8720244A124900446706 /* View */ = {
			isa = PBXGroup;
			children = (
				7B6D87102449D9F700446706 /* LoginAndSignUpViewControllers.storyboard */,
			);
			path = View;
			sourceTree = "<group>";
		};
		7B6D8721244A125800446706 /* Controllers */ = {
			isa = PBXGroup;
			children = (
				7B6D870E2449D9F700446706 /* LoginViewController.swift */,
				7B6D8722244A12AF00446706 /* SignUpViewController.swift */,
			);
			path = Controllers;
			sourceTree = "<group>";
		};
		7B6D8724244A163D00446706 /* MainTabViewController */ = {
			isa = PBXGroup;
			children = (
				7B6D8725244A164700446706 /* View */,
			);
			path = MainTabViewController;
			sourceTree = "<group>";
		};
		7B6D8725244A164700446706 /* View */ = {
			isa = PBXGroup;
			children = (
				7B6D8726244A168B00446706 /* MainTabViewController.storyboard */,
			);
			path = View;
			sourceTree = "<group>";
		};
/* End PBXGroup section */

/* Begin PBXNativeTarget section */
		7B6D87062449D9F700446706 /* CustomAppByMe */ = {
			isa = PBXNativeTarget;
			buildConfigurationList = 7B6D871B2449D9F800446706 /* Build configuration list for PBXNativeTarget "CustomAppByMe" */;
			buildPhases = (
				7B6D87032449D9F700446706 /* Sources */,
				7B6D87042449D9F700446706 /* Frameworks */,
				7B6D87052449D9F700446706 /* Resources */,
			);
			buildRules = (
			);
			dependencies = (
			);
			name = CustomAppByMe;
			productName = CustomAppByMe;
			productReference = 7B6D87072449D9F700446706 /* CustomAppByMe.app */;
			productType = "com.apple.product-type.application";
		};
/* End PBXNativeTarget section */

/* Begin PBXProject section */
		7B6D86FF2449D9F700446706 /* Project object */ = {
			isa = PBXProject;
			attributes = {
				LastSwiftUpdateCheck = 1140;
				LastUpgradeCheck = 1140;
				ORGANIZATIONNAME = "Hoang Trong Kien";
				TargetAttributes = {
					7B6D87062449D9F700446706 = {
						CreatedOnToolsVersion = 11.4.1;
					};
				};
			};
			buildConfigurationList = 7B6D87022449D9F700446706 /* Build configuration list for PBXProject "CustomAppByMe" */;
			compatibilityVersion = "Xcode 9.3";
			developmentRegion = en;
			hasScannedForEncodings = 0;
			knownRegions = (
				en,
				Base,
			);
			mainGroup = 7B6D86FE2449D9F700446706;
			productRefGroup = 7B6D87082449D9F700446706 /* Products */;
			projectDirPath = "";
			projectRoot = "";
			targets = (
				7B6D87062449D9F700446706 /* CustomAppByMe */,
			);
		};
/* End PBXProject section */

/* Begin PBXResourcesBuildPhase section */
		7B6D87052449D9F700446706 /* Resources */ = {
			isa = PBXResourcesBuildPhase;
			buildActionMask = 2147483647;
			files = (
				7B6D8727244A168B00446706 /* MainTabViewController.storyboard in Resources */,
				7B6D87172449D9F800446706 /* LaunchScreen.storyboard in Resources */,
				7B6D87142449D9F800446706 /* Assets.xcassets in Resources */,
				7B6D87122449D9F700446706 /* LoginAndSignUpViewControllers.storyboard in Resources */,
			);
			runOnlyForDeploymentPostprocessing = 0;
		};
/* End PBXResourcesBuildPhase section */

/* Begin PBXSourcesBuildPhase section */
		7B6D87032449D9F700446706 /* Sources */ = {
			isa = PBXSourcesBuildPhase;
			buildActionMask = 2147483647;
			files = (
				7B6D870F2449D9F700446706 /* LoginViewController.swift in Sources */,
				7B6D870B2449D9F700446706 /* AppDelegate.swift in Sources */,
				7B6D8723244A12AF00446706 /* SignUpViewController.swift in Sources */,
				7B6D870D2449D9F700446706 /* SceneDelegate.swift in Sources */,
			);
			runOnlyForDeploymentPostprocessing = 0;
		};
/* End PBXSourcesBuildPhase section */

/* Begin PBXVariantGroup section */
		7B6D87102449D9F700446706 /* LoginAndSignUpViewControllers.storyboard */ = {
			isa = PBXVariantGroup;
			children = (
				7B6D87112449D9F700446706 /* Base */,
			);
			name = LoginAndSignUpViewControllers.storyboard;
			sourceTree = "<group>";
		};
		7B6D87152449D9F800446706 /* LaunchScreen.storyboard */ = {
			isa = PBXVariantGroup;
			children = (
				7B6D87162449D9F800446706 /* Base */,
			);
			name = LaunchScreen.storyboard;
			sourceTree = "<group>";
		};
/* End PBXVariantGroup section */

/* Begin XCBuildConfiguration section */
		7B6D87192449D9F800446706 /* Debug */ = {
			isa = XCBuildConfiguration;
			buildSettings = {
				ALWAYS_SEARCH_USER_PATHS = NO;
				CLANG_ANALYZER_NONNULL = YES;
				CLANG_ANALYZER_NUMBER_OBJECT_CONVERSION = YES_AGGRESSIVE;
				CLANG_CXX_LANGUAGE_STANDARD = "gnu++14";
				CLANG_CXX_LIBRARY = "libc++";
				CLANG_ENABLE_MODULES = YES;
				CLANG_ENABLE_OBJC_ARC = YES;
				CLANG_ENABLE_OBJC_WEAK = YES;
				CLANG_WARN_BLOCK_CAPTURE_AUTORELEASING = YES;
				CLANG_WARN_BOOL_CONVERSION = YES;
				CLANG_WARN_COMMA = YES;
				CLANG_WARN_CONSTANT_CONVERSION = YES;
				CLANG_WARN_DEPRECATED_OBJC_IMPLEMENTATIONS = YES;
				CLANG_WARN_DIRECT_OBJC_ISA_USAGE = YES_ERROR;
				CLANG_WARN_DOCUMENTATION_COMMENTS = YES;
				CLANG_WARN_EMPTY_BODY = YES;
				CLANG_WARN_ENUM_CONVERSION = YES;
				CLANG_WARN_INFINITE_RECURSION = YES;
				CLANG_WARN_INT_CONVERSION = YES;
				CLANG_WARN_NON_LITERAL_NULL_CONVERSION = YES;
				CLANG_WARN_OBJC_IMPLICIT_RETAIN_SELF = YES;
				CLANG_WARN_OBJC_LITERAL_CONVERSION = YES;
				CLANG_WARN_OBJC_ROOT_CLASS = YES_ERROR;
				CLANG_WARN_RANGE_LOOP_ANALYSIS = YES;
				CLANG_WARN_STRICT_PROTOTYPES = YES;
				CLANG_WARN_SUSPICIOUS_MOVE = YES;
				CLANG_WARN_UNGUARDED_AVAILABILITY = YES_AGGRESSIVE;
				CLANG_WARN_UNREACHABLE_CODE = YES;
				CLANG_WARN__DUPLICATE_METHOD_MATCH = YES;
				COPY_PHASE_STRIP = NO;
				DEBUG_INFORMATION_FORMAT = dwarf;
				ENABLE_STRICT_OBJC_MSGSEND = YES;
				ENABLE_TESTABILITY = YES;
				GCC_C_LANGUAGE_STANDARD = gnu11;
				GCC_DYNAMIC_NO_PIC = NO;
				GCC_NO_COMMON_BLOCKS = YES;
				GCC_OPTIMIZATION_LEVEL = 0;
				GCC_PREPROCESSOR_DEFINITIONS = (
					"DEBUG=1",
					"$(inherited)",
				);
				GCC_WARN_64_TO_32_BIT_CONVERSION = YES;
				GCC_WARN_ABOUT_RETURN_TYPE = YES_ERROR;
				GCC_WARN_UNDECLARED_SELECTOR = YES;
				GCC_WARN_UNINITIALIZED_AUTOS = YES_AGGRESSIVE;
				GCC_WARN_UNUSED_FUNCTION = YES;
				GCC_WARN_UNUSED_VARIABLE = YES;
				IPHONEOS_DEPLOYMENT_TARGET = 13.4;
				MTL_ENABLE_DEBUG_INFO = INCLUDE_SOURCE;
				MTL_FAST_MATH = YES;
				ONLY_ACTIVE_ARCH = YES;
				SDKROOT = iphoneos;
				SWIFT_ACTIVE_COMPILATION_CONDITIONS = DEBUG;
				SWIFT_OPTIMIZATION_LEVEL = "-Onone";
			};
			name = Debug;
		};
		7B6D871A2449D9F800446706 /* Release */ = {
			isa = XCBuildConfiguration;
			buildSettings = {
				ALWAYS_SEARCH_USER_PATHS = NO;
				CLANG_ANALYZER_NONNULL = YES;
				CLANG_ANALYZER_NUMBER_OBJECT_CONVERSION = YES_AGGRESSIVE;
				CLANG_CXX_LANGUAGE_STANDARD = "gnu++14";
				CLANG_CXX_LIBRARY = "libc++";
				CLANG_ENABLE_MODULES = YES;
				CLANG_ENABLE_OBJC_ARC = YES;
				CLANG_ENABLE_OBJC_WEAK = YES;
				CLANG_WARN_BLOCK_CAPTURE_AUTORELEASING = YES;
				CLANG_WARN_BOOL_CONVERSION = YES;
				CLANG_WARN_COMMA = YES;
				CLANG_WARN_CONSTANT_CONVERSION = YES;
				CLANG_WARN_DEPRECATED_OBJC_IMPLEMENTATIONS = YES;
				CLANG_WARN_DIRECT_OBJC_ISA_USAGE = YES_ERROR;
				CLANG_WARN_DOCUMENTATION_COMMENTS = YES;
				CLANG_WARN_EMPTY_BODY = YES;
				CLANG_WARN_ENUM_CONVERSION = YES;
				CLANG_WARN_INFINITE_RECURSION = YES;
				CLANG_WARN_INT_CONVERSION = YES;
				CLANG_WARN_NON_LITERAL_NULL_CONVERSION = YES;
				CLANG_WARN_OBJC_IMPLICIT_RETAIN_SELF = YES;
				CLANG_WARN_OBJC_LITERAL_CONVERSION = YES;
				CLANG_WARN_OBJC_ROOT_CLASS = YES_ERROR;
				CLANG_WARN_RANGE_LOOP_ANALYSIS = YES;
				CLANG_WARN_STRICT_PROTOTYPES = YES;
				CLANG_WARN_SUSPICIOUS_MOVE = YES;
				CLANG_WARN_UNGUARDED_AVAILABILITY = YES_AGGRESSIVE;
				CLANG_WARN_UNREACHABLE_CODE = YES;
				CLANG_WARN__DUPLICATE_METHOD_MATCH = YES;
				COPY_PHASE_STRIP = NO;
				DEBUG_INFORMATION_FORMAT = "dwarf-with-dsym";
				ENABLE_NS_ASSERTIONS = NO;
				ENABLE_STRICT_OBJC_MSGSEND = YES;
				GCC_C_LANGUAGE_STANDARD = gnu11;
				GCC_NO_COMMON_BLOCKS = YES;
				GCC_WARN_64_TO_32_BIT_CONVERSION = YES;
				GCC_WARN_ABOUT_RETURN_TYPE = YES_ERROR;
				GCC_WARN_UNDECLARED_SELECTOR = YES;
				GCC_WARN_UNINITIALIZED_AUTOS = YES_AGGRESSIVE;
				GCC_WARN_UNUSED_FUNCTION = YES;
				GCC_WARN_UNUSED_VARIABLE = YES;
				IPHONEOS_DEPLOYMENT_TARGET = 13.4;
				MTL_ENABLE_DEBUG_INFO = NO;
				MTL_FAST_MATH = YES;
				SDKROOT = iphoneos;
				SWIFT_COMPILATION_MODE = wholemodule;
				SWIFT_OPTIMIZATION_LEVEL = "-O";
				VALIDATE_PRODUCT = YES;
			};
			name = Release;
		};
		7B6D871C2449D9F800446706 /* Debug */ = {
			isa = XCBuildConfiguration;
			buildSettings = {
				ASSETCATALOG_COMPILER_APPICON_NAME = AppIcon;
				CODE_SIGN_STYLE = Automatic;
				DEVELOPMENT_TEAM = R3XHF7AHVR;
				INFOPLIST_FILE = CustomAppByMe/Info.plist;
				LD_RUNPATH_SEARCH_PATHS = (
					"$(inherited)",
					"@executable_path/Frameworks",
				);
				PRODUCT_BUNDLE_IDENTIFIER = com.htkien.CustomAppByMe;
				PRODUCT_NAME = "$(TARGET_NAME)";
				SWIFT_VERSION = 5.0;
				TARGETED_DEVICE_FAMILY = "1,2";
			};
			name = Debug;
		};
		7B6D871D2449D9F800446706 /* Release */ = {
			isa = XCBuildConfiguration;
			buildSettings = {
				ASSETCATALOG_COMPILER_APPICON_NAME = AppIcon;
				CODE_SIGN_STYLE = Automatic;
				DEVELOPMENT_TEAM = R3XHF7AHVR;
				INFOPLIST_FILE = CustomAppByMe/Info.plist;
				LD_RUNPATH_SEARCH_PATHS = (
					"$(inherited)",
					"@executable_path/Frameworks",
				);
				PRODUCT_BUNDLE_IDENTIFIER = com.htkien.CustomAppByMe;
				PRODUCT_NAME = "$(TARGET_NAME)";
				SWIFT_VERSION = 5.0;
				TARGETED_DEVICE_FAMILY = "1,2";
			};
			name = Release;
		};
/* End XCBuildConfiguration section */

/* Begin XCConfigurationList section */
		7B6D87022449D9F700446706 /* Build configuration list for PBXProject "CustomAppByMe" */ = {
			isa = XCConfigurationList;
			buildConfigurations = (
				7B6D87192449D9F800446706 /* Debug */,
				7B6D871A2449D9F800446706 /* Release */,
			);
			defaultConfigurationIsVisible = 0;
			defaultConfigurationName = Release;
		};
		7B6D871B2449D9F800446706 /* Build configuration list for PBXNativeTarget "CustomAppByMe" */ = {
			isa = XCConfigurationList;
			buildConfigurations = (
				7B6D871C2449D9F800446706 /* Debug */,
				7B6D871D2449D9F800446706 /* Release */,
			);
			defaultConfigurationIsVisible = 0;
			defaultConfigurationName = Release;
		};
/* End XCConfigurationList section */
	};
	rootObject = 7B6D86FF2449D9F700446706 /* Project object */;
}
